
Microsoft Visual Studio Solution File, Format Version 12.00
# Visual Studio Version 17
VisualStudioVersion = 17.10.35122.118
MinimumVisualStudioVersion = 10.0.40219.1
Project("{9A19103F-16F7-4668-BE54-9A1E7A4F7556}") = "Requester", "Requester\Requester.csproj", "{84768300-D34F-43C5-B847-C2F753A97E90}"
EndProject
Project("{FAE04EC0-301F-11D3-BF4B-00C04F79EFBC}") = "Requester.Tests", "Requester.Tests\Requester.Tests.csproj", "{46D96AE9-8048-4B64-98A0-88C740E73715}"
EndProject
Global
	GlobalSection(SolutionConfigurationPlatforms) = preSolution
		Debug|Any CPU = Debug|Any CPU
		Release|Any CPU = Release|Any CPU
	EndGlobalSection
	GlobalSection(ProjectConfigurationPlatforms) = postSolution
		{84768300-D34F-43C5-B847-C2F753A97E90}.Debug|Any CPU.ActiveCfg = Debug|Any CPU
		{84768300-D34F-43C5-B847-C2F753A97E90}.Debug|Any CPU.Build.0 = Debug|Any CPU
		{84768300-D34F-43C5-B847-C2F753A97E90}.Release|Any CPU.ActiveCfg = Release|Any CPU
		{84768300-D34F-43C5-B847-C2F753A97E90}.Release|Any CPU.Build.0 = Release|Any CPU
		{46D96AE9-8048-4B64-98A0-88C740E73715}.Debug|Any CPU.ActiveCfg = Debug|Any CPU
		{46D96AE9-8048-4B64-98A0-88C740E73715}.Debug|Any CPU.Build.0 = Debug|Any CPU
		{46D96AE9-8048-4B64-98A0-88C740E73715}.Release|Any CPU.ActiveCfg = Release|Any CPU
		{46D96AE9-8048-4B64-98A0-88C740E73715}.Release|Any CPU.Build.0 = Release|Any CPU
	EndGlobalSection
	GlobalSection(SolutionProperties) = preSolution
		HideSolutionNode = FALSE
	EndGlobalSection
	GlobalSection(ExtensibilityGlobals) = postSolution
		SolutionGuid = {EBA3883A-F402-4917-A8DB-F29DE63285A9}
	EndGlobalSection
EndGlobal
